
Microsoft Visual Studio Solution File, Format Version 12.00
# Visual Studio Version 16
VisualStudioVersion = 16.0.31624.102
MinimumVisualStudioVersion = 10.0.40219.1
Project("{FAE04EC0-301F-11D3-BF4B-00C04F79EFBC}") = "CHECK BOXES", "CHECK BOXES\CHECK BOXES.csproj", "{65FE5092-A1FF-4178-8427-C777D3B05A4D}"
EndProject
Global
	GlobalSection(SolutionConfigurationPlatforms) = preSolution
		Debug|Any CPU = Debug|Any CPU
		Release|Any CPU = Release|Any CPU
	EndGlobalSection
	GlobalSection(ProjectConfigurationPlatforms) = postSolution
		{65FE5092-A1FF-4178-8427-C777D3B05A4D}.Debug|Any CPU.ActiveCfg = Debug|Any CPU
		{65FE5092-A1FF-4178-8427-C777D3B05A4D}.Debug|Any CPU.Build.0 = Debug|Any CPU
		{65FE5092-A1FF-4178-8427-C777D3B05A4D}.Release|Any CPU.ActiveCfg = Release|Any CPU
		{65FE5092-A1FF-4178-8427-C777D3B05A4D}.Release|Any CPU.Build.0 = Release|Any CPU
	EndGlobalSection
	GlobalSection(SolutionProperties) = preSolution
		HideSolutionNode = FALSE
	EndGlobalSection
	GlobalSection(ExtensibilityGlobals) = postSolution
		SolutionGuid = {7CDF2853-D4DE-4A8C-AB61-E8943FBD904C}
	EndGlobalSection
EndGlobal
